
Microsoft Visual Studio Solution File, Format Version 12.00
# Visual Studio Version 17
VisualStudioVersion = 17.8.34408.163
MinimumVisualStudioVersion = 10.0.40219.1
Project("{9A19103F-16F7-4668-BE54-9A1E7A4F7556}") = "AnadoolApp", "AnadoolApp\AnadoolApp.csproj", "{BED2312C-0C78-45AE-A29E-DD0113793D34}"
EndProject
Global
	GlobalSection(SolutionConfigurationPlatforms) = preSolution
		Debug|Any CPU = Debug|Any CPU
		Release|Any CPU = Release|Any CPU
	EndGlobalSection
	GlobalSection(ProjectConfigurationPlatforms) = postSolution
		{BED2312C-0C78-45AE-A29E-DD0113793D34}.Debug|Any CPU.ActiveCfg = Debug|Any CPU
		{BED2312C-0C78-45AE-A29E-DD0113793D34}.Debug|Any CPU.Build.0 = Debug|Any CPU
		{BED2312C-0C78-45AE-A29E-DD0113793D34}.Release|Any CPU.ActiveCfg = Release|Any CPU
		{BED2312C-0C78-45AE-A29E-DD0113793D34}.Release|Any CPU.Build.0 = Release|Any CPU
	EndGlobalSection
	GlobalSection(SolutionProperties) = preSolution
		HideSolutionNode = FALSE
	EndGlobalSection
	GlobalSection(ExtensibilityGlobals) = postSolution
		SolutionGuid = {BA124C6C-541B-44D6-A0AB-A026441B4DB8}
	EndGlobalSection
EndGlobal
